// !$*UTF8*$!
{
	archiveVersion = 1;
	classes = {
	};
	objectVersion = 63;
	objects = {

/* Begin PBXBuildFile section */
		70C155AD2E5C70D300D5BFA9 /* VisualEffectView.h in Headers */ = {isa = PBXBuildFile; fileRef = 70C155A82E5C70D300D5BFA9 /* VisualEffectView.h */; };
		70C155AE2E5C70D300D5BFA9 /* UIViewEffectView+Helpers.swift in Sources */ = {isa = PBXBuildFile; fileRef = 70C155A72E5C70D300D5BFA9 /* UIViewEffectView+Helpers.swift */; };
		70C155AF2E5C70D300D5BFA9 /* VisualEffectView+SwiftUI.swift in Sources */ = {isa = PBXBuildFile; fileRef = 70C155AA2E5C70D300D5BFA9 /* VisualEffectView+SwiftUI.swift */; };
		70C155B02E5C70D300D5BFA9 /* VisualEffectView.swift in Sources */ = {isa = PBXBuildFile; fileRef = 70C155A92E5C70D300D5BFA9 /* VisualEffectView.swift */; };
		F449249E206F2D5100117F6B /* README.md in Resources */ = {isa = PBXBuildFile; fileRef = F449249B206F2D5100117F6B /* README.md */; };
		F449249F206F2D5100117F6B /* VisualEffectView.podspec in Resources */ = {isa = PBXBuildFile; fileRef = F449249C206F2D5100117F6B /* VisualEffectView.podspec */; };
		F44924A0206F2D5100117F6B /* CHANGELOG.md in Resources */ = {isa = PBXBuildFile; fileRef = F449249D206F2D5100117F6B /* CHANGELOG.md */; };
		F49B90F72E4DED7500B8431A /* VisualEffectView.framework in Frameworks */ = {isa = PBXBuildFile; fileRef = 8B3243FE1E07D7CB00712FEA /* VisualEffectView.framework */; };
		F49B90F82E4DED7500B8431A /* VisualEffectView.framework in Embed Frameworks */ = {isa = PBXBuildFile; fileRef = 8B3243FE1E07D7CB00712FEA /* VisualEffectView.framework */; settings = {ATTRIBUTES = (CodeSignOnCopy, RemoveHeadersOnCopy, ); }; };
		F4EFB65C2E4E5DA000348AC7 /* ContentView.swift in Sources */ = {isa = PBXBuildFile; fileRef = F4EFB6592E4E5DA000348AC7 /* ContentView.swift */; };
		F4EFB65D2E4E5DA000348AC7 /* ExampleApp.swift in Sources */ = {isa = PBXBuildFile; fileRef = F4EFB65A2E4E5DA000348AC7 /* ExampleApp.swift */; };
		F4EFB65E2E4E5DA000348AC7 /* Preview Assets.xcassets in Resources */ = {isa = PBXBuildFile; fileRef = F4EFB6562E4E5DA000348AC7 /* Preview Assets.xcassets */; };
		F4EFB65F2E4E5DA000348AC7 /* Assets.xcassets in Resources */ = {isa = PBXBuildFile; fileRef = F4EFB6582E4E5DA000348AC7 /* Assets.xcassets */; };
/* End PBXBuildFile section */

/* Begin PBXContainerItemProxy section */
		F49B90F92E4DED7500B8431A /* PBXContainerItemProxy */ = {
			isa = PBXContainerItemProxy;
			containerPortal = 8B3243F51E07D7CB00712FEA /* Project object */;
			proxyType = 1;
			remoteGlobalIDString = 8B3243FD1E07D7CB00712FEA;
			remoteInfo = VisualEffectView;
		};
/* End PBXContainerItemProxy section */

/* Begin PBXCopyFilesBuildPhase section */
		F49B90FB2E4DED7500B8431A /* Embed Frameworks */ = {
			isa = PBXCopyFilesBuildPhase;
			buildActionMask = 2147483647;
			dstPath = "";
			dstSubfolderSpec = 10;
			files = (
				F49B90F82E4DED7500B8431A /* VisualEffectView.framework in Embed Frameworks */,
			);
			name = "Embed Frameworks";
			runOnlyForDeploymentPostprocessing = 0;
		};
/* End PBXCopyFilesBuildPhase section */

/* Begin PBXFileReference section */
		70C155A72E5C70D300D5BFA9 /* UIViewEffectView+Helpers.swift */ = {isa = PBXFileReference; lastKnownFileType = sourcecode.swift; path = "UIViewEffectView+Helpers.swift"; sourceTree = "<group>"; };
		70C155A82E5C70D300D5BFA9 /* VisualEffectView.h */ = {isa = PBXFileReference; lastKnownFileType = sourcecode.c.h; path = VisualEffectView.h; sourceTree = "<group>"; };
		70C155A92E5C70D300D5BFA9 /* VisualEffectView.swift */ = {isa = PBXFileReference; lastKnownFileType = sourcecode.swift; path = VisualEffectView.swift; sourceTree = "<group>"; };
		70C155AA2E5C70D300D5BFA9 /* VisualEffectView+SwiftUI.swift */ = {isa = PBXFileReference; lastKnownFileType = sourcecode.swift; path = "VisualEffectView+SwiftUI.swift"; sourceTree = "<group>"; };
		8B3243FE1E07D7CB00712FEA /* VisualEffectView.framework */ = {isa = PBXFileReference; explicitFileType = wrapper.framework; includeInIndex = 0; path = VisualEffectView.framework; sourceTree = BUILT_PRODUCTS_DIR; };
		F4487E682E4DE4BE00884226 /* Example.app */ = {isa = PBXFileReference; explicitFileType = wrapper.application; includeInIndex = 0; path = Example.app; sourceTree = BUILT_PRODUCTS_DIR; };
		F449249B206F2D5100117F6B /* README.md */ = {isa = PBXFileReference; fileEncoding = 4; lastKnownFileType = net.daringfireball.markdown; path = README.md; sourceTree = "<group>"; };
		F449249C206F2D5100117F6B /* VisualEffectView.podspec */ = {isa = PBXFileReference; fileEncoding = 4; lastKnownFileType = text; path = VisualEffectView.podspec; sourceTree = "<group>"; };
		F449249D206F2D5100117F6B /* CHANGELOG.md */ = {isa = PBXFileReference; fileEncoding = 4; lastKnownFileType = net.daringfireball.markdown; path = CHANGELOG.md; sourceTree = "<group>"; };
		F4EFB6562E4E5DA000348AC7 /* Preview Assets.xcassets */ = {isa = PBXFileReference; lastKnownFileType = folder.assetcatalog; path = "Preview Assets.xcassets"; sourceTree = "<group>"; };
		F4EFB6582E4E5DA000348AC7 /* Assets.xcassets */ = {isa = PBXFileReference; lastKnownFileType = folder.assetcatalog; path = Assets.xcassets; sourceTree = "<group>"; };
		F4EFB6592E4E5DA000348AC7 /* ContentView.swift */ = {isa = PBXFileReference; lastKnownFileType = sourcecode.swift; path = ContentView.swift; sourceTree = "<group>"; };
		F4EFB65A2E4E5DA000348AC7 /* ExampleApp.swift */ = {isa = PBXFileReference; lastKnownFileType = sourcecode.swift; path = ExampleApp.swift; sourceTree = "<group>"; };
/* End PBXFileReference section */

/* Begin PBXFrameworksBuildPhase section */
		8B3243FA1E07D7CB00712FEA /* Frameworks */ = {
			isa = PBXFrameworksBuildPhase;
			buildActionMask = 2147483647;
			files = (
			);
			runOnlyForDeploymentPostprocessing = 0;
		};
		F4487E652E4DE4BE00884226 /* Frameworks */ = {
			isa = PBXFrameworksBuildPhase;
			buildActionMask = 2147483647;
			files = (
				F49B90F72E4DED7500B8431A /* VisualEffectView.framework in Frameworks */,
			);
			runOnlyForDeploymentPostprocessing = 0;
		};
/* End PBXFrameworksBuildPhase section */

/* Begin PBXGroup section */
		70C155AB2E5C70D300D5BFA9 /* VisualEffectView */ = {
			isa = PBXGroup;
			children = (
				70C155A72E5C70D300D5BFA9 /* UIViewEffectView+Helpers.swift */,
				70C155A82E5C70D300D5BFA9 /* VisualEffectView.h */,
				70C155A92E5C70D300D5BFA9 /* VisualEffectView.swift */,
				70C155AA2E5C70D300D5BFA9 /* VisualEffectView+SwiftUI.swift */,
			);
			path = VisualEffectView;
			sourceTree = "<group>";
		};
		70C155AC2E5C70D300D5BFA9 /* Sources */ = {
			isa = PBXGroup;
			children = (
				70C155AB2E5C70D300D5BFA9 /* VisualEffectView */,
			);
			path = Sources;
			sourceTree = "<group>";
		};
		8B3243F41E07D7CB00712FEA = {
			isa = PBXGroup;
			children = (
				70C155AC2E5C70D300D5BFA9 /* Sources */,
				F449249D206F2D5100117F6B /* CHANGELOG.md */,
				F449249B206F2D5100117F6B /* README.md */,
				F449249C206F2D5100117F6B /* VisualEffectView.podspec */,
				F4EFB65B2E4E5DA000348AC7 /* Example */,
				F49B90F62E4DED7500B8431A /* Frameworks */,
				8B3243FF1E07D7CB00712FEA /* Products */,
			);
			sourceTree = "<group>";
		};
		8B3243FF1E07D7CB00712FEA /* Products */ = {
			isa = PBXGroup;
			children = (
				8B3243FE1E07D7CB00712FEA /* VisualEffectView.framework */,
				F4487E682E4DE4BE00884226 /* Example.app */,
			);
			name = Products;
			sourceTree = "<group>";
		};
		F49B90F62E4DED7500B8431A /* Frameworks */ = {
			isa = PBXGroup;
			children = (
			);
			name = Frameworks;
			sourceTree = "<group>";
		};
		F4EFB6572E4E5DA000348AC7 /* Preview Content */ = {
			isa = PBXGroup;
			children = (
				F4EFB6562E4E5DA000348AC7 /* Preview Assets.xcassets */,
			);
			path = "Preview Content";
			sourceTree = "<group>";
		};
		F4EFB65B2E4E5DA000348AC7 /* Example */ = {
			isa = PBXGroup;
			children = (
				F4EFB6572E4E5DA000348AC7 /* Preview Content */,
				F4EFB6582E4E5DA000348AC7 /* Assets.xcassets */,
				F4EFB6592E4E5DA000348AC7 /* ContentView.swift */,
				F4EFB65A2E4E5DA000348AC7 /* ExampleApp.swift */,
			);
			path = Example;
			sourceTree = "<group>";
		};
/* End PBXGroup section */

/* Begin PBXHeadersBuildPhase section */
		8B3243FB1E07D7CB00712FEA /* Headers */ = {
			isa = PBXHeadersBuildPhase;
			buildActionMask = 2147483647;
			files = (
				70C155AD2E5C70D300D5BFA9 /* VisualEffectView.h in Headers */,
			);
			runOnlyForDeploymentPostprocessing = 0;
		};
/* End PBXHeadersBuildPhase section */

/* Begin PBXNativeTarget section */
		8B3243FD1E07D7CB00712FEA /* VisualEffectView */ = {
			isa = PBXNativeTarget;
			buildConfigurationList = 8B3244061E07D7CB00712FEA /* Build configuration list for PBXNativeTarget "VisualEffectView" */;
			buildPhases = (
				8B3243F91E07D7CB00712FEA /* Sources */,
				8B3243FA1E07D7CB00712FEA /* Frameworks */,
				8B3243FB1E07D7CB00712FEA /* Headers */,
				8B3243FC1E07D7CB00712FEA /* Resources */,
			);
			buildRules = (
			);
			dependencies = (
			);
			name = VisualEffectView;
			productName = VisualEffectView;
			productReference = 8B3243FE1E07D7CB00712FEA /* VisualEffectView.framework */;
			productType = "com.apple.product-type.framework";
		};
		F4487E672E4DE4BE00884226 /* Example */ = {
			isa = PBXNativeTarget;
			buildConfigurationList = F4487E732E4DE4BF00884226 /* Build configuration list for PBXNativeTarget "Example" */;
			buildPhases = (
				F4487E642E4DE4BE00884226 /* Sources */,
				F4487E652E4DE4BE00884226 /* Frameworks */,
				F4487E662E4DE4BE00884226 /* Resources */,
				F49B90FB2E4DED7500B8431A /* Embed Frameworks */,
			);
			buildRules = (
			);
			dependencies = (
				F49B90FA2E4DED7500B8431A /* PBXTargetDependency */,
			);
			name = Example;
			packageProductDependencies = (
			);
			productName = Example;
			productReference = F4487E682E4DE4BE00884226 /* Example.app */;
			productType = "com.apple.product-type.application";
		};
/* End PBXNativeTarget section */

/* Begin PBXProject section */
		8B3243F51E07D7CB00712FEA /* Project object */ = {
			isa = PBXProject;
			attributes = {
				BuildIndependentTargetsInParallel = YES;
				LastSwiftUpdateCheck = 1620;
				LastUpgradeCheck = 1620;
				ORGANIZATIONNAME = "Lasha Efremidze";
				TargetAttributes = {
					8B3243FD1E07D7CB00712FEA = {
						CreatedOnToolsVersion = 8.2;
						LastSwiftMigration = 1020;
						ProvisioningStyle = Automatic;
					};
					F4487E672E4DE4BE00884226 = {
						CreatedOnToolsVersion = 16.2;
					};
				};
			};
			buildConfigurationList = 8B3243F81E07D7CB00712FEA /* Build configuration list for PBXProject "VisualEffectView" */;
			compatibilityVersion = "Xcode 15.3";
			developmentRegion = en;
			hasScannedForEncodings = 0;
			knownRegions = (
				en,
				Base,
			);
			mainGroup = 8B3243F41E07D7CB00712FEA;
			productRefGroup = 8B3243FF1E07D7CB00712FEA /* Products */;
			projectDirPath = "";
			projectRoot = "";
			targets = (
				8B3243FD1E07D7CB00712FEA /* VisualEffectView */,
				F4487E672E4DE4BE00884226 /* Example */,
			);
		};
/* End PBXProject section */

/* Begin PBXResourcesBuildPhase section */
		8B3243FC1E07D7CB00712FEA /* Resources */ = {
			isa = PBXResourcesBuildPhase;
			buildActionMask = 2147483647;
			files = (
				F449249F206F2D5100117F6B /* VisualEffectView.podspec in Resources */,
				F44924A0206F2D5100117F6B /* CHANGELOG.md in Resources */,
				F449249E206F2D5100117F6B /* README.md in Resources */,
			);
			runOnlyForDeploymentPostprocessing = 0;
		};
		F4487E662E4DE4BE00884226 /* Resources */ = {
			isa = PBXResourcesBuildPhase;
			buildActionMask = 2147483647;
			files = (
				F4EFB65E2E4E5DA000348AC7 /* Preview Assets.xcassets in Resources */,
				F4EFB65F2E4E5DA000348AC7 /* Assets.xcassets in Resources */,
			);
			runOnlyForDeploymentPostprocessing = 0;
		};
/* End PBXResourcesBuildPhase section */

/* Begin PBXSourcesBuildPhase section */
		8B3243F91E07D7CB00712FEA /* Sources */ = {
			isa = PBXSourcesBuildPhase;
			buildActionMask = 2147483647;
			files = (
				70C155AE2E5C70D300D5BFA9 /* UIViewEffectView+Helpers.swift in Sources */,
				70C155AF2E5C70D300D5BFA9 /* VisualEffectView+SwiftUI.swift in Sources */,
				70C155B02E5C70D300D5BFA9 /* VisualEffectView.swift in Sources */,
			);
			runOnlyForDeploymentPostprocessing = 0;
		};
		F4487E642E4DE4BE00884226 /* Sources */ = {
			isa = PBXSourcesBuildPhase;
			buildActionMask = 2147483647;
			files = (
				F4EFB65C2E4E5DA000348AC7 /* ContentView.swift in Sources */,
				F4EFB65D2E4E5DA000348AC7 /* ExampleApp.swift in Sources */,
			);
			runOnlyForDeploymentPostprocessing = 0;
		};
/* End PBXSourcesBuildPhase section */

/* Begin PBXTargetDependency section */
		F49B90FA2E4DED7500B8431A /* PBXTargetDependency */ = {
			isa = PBXTargetDependency;
			target = 8B3243FD1E07D7CB00712FEA /* VisualEffectView */;
			targetProxy = F49B90F92E4DED7500B8431A /* PBXContainerItemProxy */;
		};
/* End PBXTargetDependency section */

/* Begin XCBuildConfiguration section */
		8B3244041E07D7CB00712FEA /* Debug */ = {
			isa = XCBuildConfiguration;
			buildSettings = {
				ALWAYS_SEARCH_USER_PATHS = NO;
				ASSETCATALOG_COMPILER_GENERATE_SWIFT_ASSET_SYMBOL_EXTENSIONS = YES;
				CLANG_ANALYZER_LOCALIZABILITY_NONLOCALIZED = YES;
				CLANG_ANALYZER_NONNULL = YES;
				CLANG_CXX_LANGUAGE_STANDARD = "gnu++0x";
				CLANG_CXX_LIBRARY = "libc++";
				CLANG_ENABLE_MODULES = YES;
				CLANG_ENABLE_OBJC_ARC = YES;
				CLANG_WARN_BLOCK_CAPTURE_AUTORELEASING = YES;
				CLANG_WARN_BOOL_CONVERSION = YES;
				CLANG_WARN_COMMA = YES;
				CLANG_WARN_CONSTANT_CONVERSION = YES;
				CLANG_WARN_DEPRECATED_OBJC_IMPLEMENTATIONS = YES;
				CLANG_WARN_DIRECT_OBJC_ISA_USAGE = YES_ERROR;
				CLANG_WARN_DOCUMENTATION_COMMENTS = YES;
				CLANG_WARN_EMPTY_BODY = YES;
				CLANG_WARN_ENUM_CONVERSION = YES;
				CLANG_WARN_INFINITE_RECURSION = YES;
				CLANG_WARN_INT_CONVERSION = YES;
				CLANG_WARN_NON_LITERAL_NULL_CONVERSION = YES;
				CLANG_WARN_OBJC_IMPLICIT_RETAIN_SELF = YES;
				CLANG_WARN_OBJC_LITERAL_CONVERSION = YES;
				CLANG_WARN_OBJC_ROOT_CLASS = YES_ERROR;
				CLANG_WARN_QUOTED_INCLUDE_IN_FRAMEWORK_HEADER = YES;
				CLANG_WARN_RANGE_LOOP_ANALYSIS = YES;
				CLANG_WARN_STRICT_PROTOTYPES = YES;
				CLANG_WARN_SUSPICIOUS_MOVE = YES;
				CLANG_WARN_UNREACHABLE_CODE = YES;
				CLANG_WARN__DUPLICATE_METHOD_MATCH = YES;
				"CODE_SIGN_IDENTITY[sdk=iphoneos*]" = "iPhone Developer";
				COPY_PHASE_STRIP = NO;
				CURRENT_PROJECT_VERSION = 1;
				DEBUG_INFORMATION_FORMAT = dwarf;
				ENABLE_STRICT_OBJC_MSGSEND = YES;
				ENABLE_TESTABILITY = YES;
				GCC_C_LANGUAGE_STANDARD = gnu99;
				GCC_DYNAMIC_NO_PIC = NO;
				GCC_NO_COMMON_BLOCKS = YES;
				GCC_OPTIMIZATION_LEVEL = 0;
				GCC_PREPROCESSOR_DEFINITIONS = (
					"DEBUG=1",
					"$(inherited)",
				);
				GCC_WARN_64_TO_32_BIT_CONVERSION = YES;
				GCC_WARN_ABOUT_RETURN_TYPE = YES_ERROR;
				GCC_WARN_UNDECLARED_SELECTOR = YES;
				GCC_WARN_UNINITIALIZED_AUTOS = YES_AGGRESSIVE;
				GCC_WARN_UNUSED_FUNCTION = YES;
				GCC_WARN_UNUSED_VARIABLE = YES;
				IPHONEOS_DEPLOYMENT_TARGET = 15.6;
				MTL_ENABLE_DEBUG_INFO = YES;
				ONLY_ACTIVE_ARCH = YES;
				SDKROOT = iphoneos;
				SWIFT_ACTIVE_COMPILATION_CONDITIONS = DEBUG;
				SWIFT_OPTIMIZATION_LEVEL = "-Onone";
				SWIFT_VERSION = 5.0;
				TARGETED_DEVICE_FAMILY = "1,2";
				VERSIONING_SYSTEM = "apple-generic";
				VERSION_INFO_PREFIX = "";
			};
			name = Debug;
		};
		8B3244051E07D7CB00712FEA /* Release */ = {
			isa = XCBuildConfiguration;
			buildSettings = {
				ALWAYS_SEARCH_USER_PATHS = NO;
				ASSETCATALOG_COMPILER_GENERATE_SWIFT_ASSET_SYMBOL_EXTENSIONS = YES;
				CLANG_ANALYZER_LOCALIZABILITY_NONLOCALIZED = YES;
				CLANG_ANALYZER_NONNULL = YES;
				CLANG_CXX_LANGUAGE_STANDARD = "gnu++0x";
				CLANG_CXX_LIBRARY = "libc++";
				CLANG_ENABLE_MODULES = YES;
				CLANG_ENABLE_OBJC_ARC = YES;
				CLANG_WARN_BLOCK_CAPTURE_AUTORELEASING = YES;
				CLANG_WARN_BOOL_CONVERSION = YES;
				CLANG_WARN_COMMA = YES;
				CLANG_WARN_CONSTANT_CONVERSION = YES;
				CLANG_WARN_DEPRECATED_OBJC_IMPLEMENTATIONS = YES;
				CLANG_WARN_DIRECT_OBJC_ISA_USAGE = YES_ERROR;
				CLANG_WARN_DOCUMENTATION_COMMENTS = YES;
				CLANG_WARN_EMPTY_BODY = YES;
				CLANG_WARN_ENUM_CONVERSION = YES;
				CLANG_WARN_INFINITE_RECURSION = YES;
				CLANG_WARN_INT_CONVERSION = YES;
				CLANG_WARN_NON_LITERAL_NULL_CONVERSION = YES;
				CLANG_WARN_OBJC_IMPLICIT_RETAIN_SELF = YES;
				CLANG_WARN_OBJC_LITERAL_CONVERSION = YES;
				CLANG_WARN_OBJC_ROOT_CLASS = YES_ERROR;
				CLANG_WARN_QUOTED_INCLUDE_IN_FRAMEWORK_HEADER = YES;
				CLANG_WARN_RANGE_LOOP_ANALYSIS = YES;
				CLANG_WARN_STRICT_PROTOTYPES = YES;
				CLANG_WARN_SUSPICIOUS_MOVE = YES;
				CLANG_WARN_UNREACHABLE_CODE = YES;
				CLANG_WARN__DUPLICATE_METHOD_MATCH = YES;
				"CODE_SIGN_IDENTITY[sdk=iphoneos*]" = "iPhone Developer";
				COPY_PHASE_STRIP = NO;
				CURRENT_PROJECT_VERSION = 1;
				DEBUG_INFORMATION_FORMAT = "dwarf-with-dsym";
				ENABLE_NS_ASSERTIONS = NO;
				ENABLE_STRICT_OBJC_MSGSEND = YES;
				GCC_C_LANGUAGE_STANDARD = gnu99;
				GCC_NO_COMMON_BLOCKS = YES;
				GCC_WARN_64_TO_32_BIT_CONVERSION = YES;
				GCC_WARN_ABOUT_RETURN_TYPE = YES_ERROR;
				GCC_WARN_UNDECLARED_SELECTOR = YES;
				GCC_WARN_UNINITIALIZED_AUTOS = YES_AGGRESSIVE;
				GCC_WARN_UNUSED_FUNCTION = YES;
				GCC_WARN_UNUSED_VARIABLE = YES;
				IPHONEOS_DEPLOYMENT_TARGET = 15.6;
				MTL_ENABLE_DEBUG_INFO = NO;
				SDKROOT = iphoneos;
				SWIFT_COMPILATION_MODE = wholemodule;
				SWIFT_OPTIMIZATION_LEVEL = "-O";
				SWIFT_VERSION = 5.0;
				TARGETED_DEVICE_FAMILY = "1,2";
				VALIDATE_PRODUCT = YES;
				VERSIONING_SYSTEM = "apple-generic";
				VERSION_INFO_PREFIX = "";
			};
			name = Release;
		};
		8B3244071E07D7CB00712FEA /* Debug */ = {
			isa = XCBuildConfiguration;
			buildSettings = {
				CLANG_ENABLE_MODULES = YES;
				CODE_SIGN_IDENTITY = "";
				DEFINES_MODULE = YES;
				DEVELOPMENT_TEAM = "";
				DYLIB_COMPATIBILITY_VERSION = 1;
				DYLIB_CURRENT_VERSION = 1;
				DYLIB_INSTALL_NAME_BASE = "@rpath";
				ENABLE_MODULE_VERIFIER = YES;
				GENERATE_INFOPLIST_FILE = YES;
				INSTALL_PATH = "$(LOCAL_LIBRARY_DIR)/Frameworks";
				LD_RUNPATH_SEARCH_PATHS = (
					"$(inherited)",
					"@executable_path/Frameworks",
					"@loader_path/Frameworks",
				);
				MARKETING_VERSION = 4.1.5;
				MODULE_VERIFIER_SUPPORTED_LANGUAGE_STANDARDS = "gnu99 gnu++11";
				PRODUCT_BUNDLE_IDENTIFIER = com.example.VisualEffectView;
				PRODUCT_NAME = "$(TARGET_NAME)";
				SKIP_INSTALL = YES;
				SWIFT_OPTIMIZATION_LEVEL = "-Onone";
			};
			name = Debug;
		};
		8B3244081E07D7CB00712FEA /* Release */ = {
			isa = XCBuildConfiguration;
			buildSettings = {
				CLANG_ENABLE_MODULES = YES;
				CODE_SIGN_IDENTITY = "";
				DEFINES_MODULE = YES;
				DEVELOPMENT_TEAM = "";
				DYLIB_COMPATIBILITY_VERSION = 1;
				DYLIB_CURRENT_VERSION = 1;
				DYLIB_INSTALL_NAME_BASE = "@rpath";
				ENABLE_MODULE_VERIFIER = YES;
				GENERATE_INFOPLIST_FILE = YES;
				INSTALL_PATH = "$(LOCAL_LIBRARY_DIR)/Frameworks";
				LD_RUNPATH_SEARCH_PATHS = (
					"$(inherited)",
					"@executable_path/Frameworks",
					"@loader_path/Frameworks",
				);
				MARKETING_VERSION = 4.1.5;
				MODULE_VERIFIER_SUPPORTED_LANGUAGE_STANDARDS = "gnu99 gnu++11";
				PRODUCT_BUNDLE_IDENTIFIER = com.example.VisualEffectView;
				PRODUCT_NAME = "$(TARGET_NAME)";
				SKIP_INSTALL = YES;
			};
			name = Release;
		};
		F4487E742E4DE4BF00884226 /* Debug */ = {
			isa = XCBuildConfiguration;
			buildSettings = {
				ASSETCATALOG_COMPILER_APPICON_NAME = AppIcon;
				ASSETCATALOG_COMPILER_GENERATE_SWIFT_ASSET_SYMBOL_EXTENSIONS = YES;
				ASSETCATALOG_COMPILER_GLOBAL_ACCENT_COLOR_NAME = AccentColor;
				CLANG_ANALYZER_NUMBER_OBJECT_CONVERSION = YES_AGGRESSIVE;
				CLANG_CXX_LANGUAGE_STANDARD = "gnu++20";
				CLANG_ENABLE_OBJC_WEAK = YES;
				CLANG_WARN_UNGUARDED_AVAILABILITY = YES_AGGRESSIVE;
				CODE_SIGN_STYLE = Automatic;
				CURRENT_PROJECT_VERSION = 1;
				DEVELOPMENT_ASSET_PATHS = "\"Example/Preview Content\"";
				ENABLE_PREVIEWS = YES;
				ENABLE_USER_SCRIPT_SANDBOXING = YES;
				GCC_C_LANGUAGE_STANDARD = gnu17;
				GENERATE_INFOPLIST_FILE = YES;
				INFOPLIST_KEY_UIApplicationSceneManifest_Generation = YES;
				INFOPLIST_KEY_UIApplicationSupportsIndirectInputEvents = YES;
				INFOPLIST_KEY_UILaunchScreen_Generation = YES;
				INFOPLIST_KEY_UISupportedInterfaceOrientations_iPad = "UIInterfaceOrientationPortrait UIInterfaceOrientationPortraitUpsideDown UIInterfaceOrientationLandscapeLeft UIInterfaceOrientationLandscapeRight";
				INFOPLIST_KEY_UISupportedInterfaceOrientations_iPhone = "UIInterfaceOrientationPortrait UIInterfaceOrientationLandscapeLeft UIInterfaceOrientationLandscapeRight";
				LD_RUNPATH_SEARCH_PATHS = (
					"$(inherited)",
					"@executable_path/Frameworks",
				);
				LOCALIZATION_PREFERS_STRING_CATALOGS = YES;
				MARKETING_VERSION = 1.0;
				MTL_ENABLE_DEBUG_INFO = INCLUDE_SOURCE;
				MTL_FAST_MATH = YES;
				PRODUCT_BUNDLE_IDENTIFIER = com.example;
				PRODUCT_NAME = "$(TARGET_NAME)";
				SWIFT_ACTIVE_COMPILATION_CONDITIONS = "DEBUG $(inherited)";
				SWIFT_EMIT_LOC_STRINGS = YES;
				SWIFT_VERSION = 5.0;
				TARGETED_DEVICE_FAMILY = "1,2";
			};
			name = Debug;
		};
		F4487E752E4DE4BF00884226 /* Release */ = {
			isa = XCBuildConfiguration;
			buildSettings = {
				ASSETCATALOG_COMPILER_APPICON_NAME = AppIcon;
				ASSETCATALOG_COMPILER_GENERATE_SWIFT_ASSET_SYMBOL_EXTENSIONS = YES;
				ASSETCATALOG_COMPILER_GLOBAL_ACCENT_COLOR_NAME = AccentColor;
				CLANG_ANALYZER_NUMBER_OBJECT_CONVERSION = YES_AGGRESSIVE;
				CLANG_CXX_LANGUAGE_STANDARD = "gnu++20";
				CLANG_ENABLE_OBJC_WEAK = YES;
				CLANG_WARN_UNGUARDED_AVAILABILITY = YES_AGGRESSIVE;
				CODE_SIGN_STYLE = Automatic;
				CURRENT_PROJECT_VERSION = 1;
				DEVELOPMENT_ASSET_PATHS = "\"Example/Preview Content\"";
				ENABLE_PREVIEWS = YES;
				ENABLE_USER_SCRIPT_SANDBOXING = YES;
				GCC_C_LANGUAGE_STANDARD = gnu17;
				GENERATE_INFOPLIST_FILE = YES;
				INFOPLIST_KEY_UIApplicationSceneManifest_Generation = YES;
				INFOPLIST_KEY_UIApplicationSupportsIndirectInputEvents = YES;
				INFOPLIST_KEY_UILaunchScreen_Generation = YES;
				INFOPLIST_KEY_UISupportedInterfaceOrientations_iPad = "UIInterfaceOrientationPortrait UIInterfaceOrientationPortraitUpsideDown UIInterfaceOrientationLandscapeLeft UIInterfaceOrientationLandscapeRight";
				INFOPLIST_KEY_UISupportedInterfaceOrientations_iPhone = "UIInterfaceOrientationPortrait UIInterfaceOrientationLandscapeLeft UIInterfaceOrientationLandscapeRight";
				LD_RUNPATH_SEARCH_PATHS = (
					"$(inherited)",
					"@executable_path/Frameworks",
				);
				LOCALIZATION_PREFERS_STRING_CATALOGS = YES;
				MARKETING_VERSION = 1.0;
				MTL_FAST_MATH = YES;
				PRODUCT_BUNDLE_IDENTIFIER = com.example;
				PRODUCT_NAME = "$(TARGET_NAME)";
				SWIFT_EMIT_LOC_STRINGS = YES;
				SWIFT_VERSION = 5.0;
				TARGETED_DEVICE_FAMILY = "1,2";
			};
			name = Release;
		};
/* End XCBuildConfiguration section */

/* Begin XCConfigurationList section */
		8B3243F81E07D7CB00712FEA /* Build configuration list for PBXProject "VisualEffectView" */ = {
			isa = XCConfigurationList;
			buildConfigurations = (
				8B3244041E07D7CB00712FEA /* Debug */,
				8B3244051E07D7CB00712FEA /* Release */,
			);
			defaultConfigurationIsVisible = 0;
			defaultConfigurationName = Release;
		};
		8B3244061E07D7CB00712FEA /* Build configuration list for PBXNativeTarget "VisualEffectView" */ = {
			isa = XCConfigurationList;
			buildConfigurations = (
				8B3244071E07D7CB00712FEA /* Debug */,
				8B3244081E07D7CB00712FEA /* Release */,
			);
			defaultConfigurationIsVisible = 0;
			defaultConfigurationName = Release;
		};
		F4487E732E4DE4BF00884226 /* Build configuration list for PBXNativeTarget "Example" */ = {
			isa = XCConfigurationList;
			buildConfigurations = (
				F4487E742E4DE4BF00884226 /* Debug */,
				F4487E752E4DE4BF00884226 /* Release */,
			);
			defaultConfigurationIsVisible = 0;
			defaultConfigurationName = Release;
		};
/* End XCConfigurationList section */
	};
	rootObject = 8B3243F51E07D7CB00712FEA /* Project object */;
}
